
Microsoft Visual Studio Solution File, Format Version 12.00
# Visual Studio Version 17
VisualStudioVersion = 17.7.34018.315
MinimumVisualStudioVersion = 10.0.40219.1
Project("{FAE04EC0-301F-11D3-BF4B-00C04F79EFBC}") = "CRUDADOdotNet", "CRUDADO.Net\CRUDADOdotNet.csproj", "{B7B0D3D7-5BE2-49D6-AE64-5EC134FDD7E7}"
EndProject
Global
	GlobalSection(SolutionConfigurationPlatforms) = preSolution
		Debug|Any CPU = Debug|Any CPU
		Release|Any CPU = Release|Any CPU
	EndGlobalSection
	GlobalSection(ProjectConfigurationPlatforms) = postSolution
		{B7B0D3D7-5BE2-49D6-AE64-5EC134FDD7E7}.Debug|Any CPU.ActiveCfg = Debug|Any CPU
		{B7B0D3D7-5BE2-49D6-AE64-5EC134FDD7E7}.Debug|Any CPU.Build.0 = Debug|Any CPU
		{B7B0D3D7-5BE2-49D6-AE64-5EC134FDD7E7}.Release|Any CPU.ActiveCfg = Release|Any CPU
		{B7B0D3D7-5BE2-49D6-AE64-5EC134FDD7E7}.Release|Any CPU.Build.0 = Release|Any CPU
	EndGlobalSection
	GlobalSection(SolutionProperties) = preSolution
		HideSolutionNode = FALSE
	EndGlobalSection
	GlobalSection(ExtensibilityGlobals) = postSolution
		SolutionGuid = {0AC050A7-F76C-4737-B113-150D2A32AA5F}
	EndGlobalSection
EndGlobal
